dependencies:
- name: pgvector
  repository: https://rh-ai-quickstart.github.io/ai-architecture-charts
  version: 0.1.0
- name: llm-service
  repository: https://rh-ai-quickstart.github.io/ai-architecture-charts
  version: 0.5.2
- name: llama-stack
  repository: https://rh-ai-quickstart.github.io/ai-architecture-charts
  version: 0.8.6
digest: sha256:272717455de67bbcace138b3784a5909daf99f525b49e2f8572a6ab918ab39a3
generated: "2026-06-11T11:58:27.975029705-04:00"
